
Microsoft Visual Studio Solution File, Format Version 12.00
# Visual Studio Version 16
VisualStudioVersion = 16.0.29709.97
MinimumVisualStudioVersion = 10.0.40219.1
Project("{9A19103F-16F7-4668-BE54-9A1E7A4F7556}") = "ConsoleApp1", "App\ConsoleApp1.csproj", "{6EF4936A-F2D1-464A-B06B-2BA2D2CEFE66}"
EndProject
Project("{9A19103F-16F7-4668-BE54-9A1E7A4F7556}") = "Code", "Code\Code.csproj", "{4171B72A-2DCF-403D-AEB0-0A5475EDD098}"
EndProject
Project("{9A19103F-16F7-4668-BE54-9A1E7A4F7556}") = "Tests", "Tests\Tests.csproj", "{43B30292-FA3D-4C8C-B8DB-C68843B6795D}"
EndProject
Global
	GlobalSection(SolutionConfigurationPlatforms) = preSolution
		Debug|Any CPU = Debug|Any CPU
		Release|Any CPU = Release|Any CPU
	EndGlobalSection
	GlobalSection(ProjectConfigurationPlatforms) = postSolution
		{6EF4936A-F2D1-464A-B06B-2BA2D2CEFE66}.Debug|Any CPU.ActiveCfg = Debug|Any CPU
		{6EF4936A-F2D1-464A-B06B-2BA2D2CEFE66}.Debug|Any CPU.Build.0 = Debug|Any CPU
		{6EF4936A-F2D1-464A-B06B-2BA2D2CEFE66}.Release|Any CPU.ActiveCfg = Release|Any CPU
		{6EF4936A-F2D1-464A-B06B-2BA2D2CEFE66}.Release|Any CPU.Build.0 = Release|Any CPU
		{4171B72A-2DCF-403D-AEB0-0A5475EDD098}.Debug|Any CPU.ActiveCfg = Debug|Any CPU
		{4171B72A-2DCF-403D-AEB0-0A5475EDD098}.Debug|Any CPU.Build.0 = Debug|Any CPU
		{4171B72A-2DCF-403D-AEB0-0A5475EDD098}.Release|Any CPU.ActiveCfg = Release|Any CPU
		{4171B72A-2DCF-403D-AEB0-0A5475EDD098}.Release|Any CPU.Build.0 = Release|Any CPU
		{43B30292-FA3D-4C8C-B8DB-C68843B6795D}.Debug|Any CPU.ActiveCfg = Debug|Any CPU
		{43B30292-FA3D-4C8C-B8DB-C68843B6795D}.Debug|Any CPU.Build.0 = Debug|Any CPU
		{43B30292-FA3D-4C8C-B8DB-C68843B6795D}.Release|Any CPU.ActiveCfg = Release|Any CPU
		{43B30292-FA3D-4C8C-B8DB-C68843B6795D}.Release|Any CPU.Build.0 = Release|Any CPU
	EndGlobalSection
	GlobalSection(SolutionProperties) = preSolution
		HideSolutionNode = FALSE
	EndGlobalSection
	GlobalSection(ExtensibilityGlobals) = postSolution
		SolutionGuid = {E0AB6768-EACB-4214-B8FE-3B275627E703}
	EndGlobalSection
EndGlobal
